
Microsoft Visual Studio Solution File, Format Version 12.00
# Visual Studio Version 16
VisualStudioVersion = 16.0.30320.27
MinimumVisualStudioVersion = 10.0.40219.1
Project("{2150E333-8FDC-42A3-9474-1A3956D46DE8}") = "01 Clients", "01 Clients", "{88DC03EE-C938-4182-9D51-27FA82541D63}"
EndProject
Project("{2150E333-8FDC-42A3-9474-1A3956D46DE8}") = "02 Models", "02 Models", "{F2AF2E06-6ED2-42E7-9F00-9F1B55A61903}"
EndProject
Project("{9A19103F-16F7-4668-BE54-9A1E7A4F7556}") = "ConsoleClient", "ConsoleClient\ConsoleClient.csproj", "{D4B893C1-EA0C-4BF8-9831-52572B5E8D04}"
EndProject
Project("{9A19103F-16F7-4668-BE54-9A1E7A4F7556}") = "Models", "Models\Models.csproj", "{2D0F376B-8A0C-465C-9C48-B66019230954}"
EndProject
Project("{2150E333-8FDC-42A3-9474-1A3956D46DE8}") = "03 Services", "03 Services", "{0688BFAD-CE45-41BC-8379-E3936450DAF8}"
EndProject
Project("{9A19103F-16F7-4668-BE54-9A1E7A4F7556}") = "Services", "Services\Services.csproj", "{05BFAE4C-551F-46A0-BAC9-254C30DCAD64}"
EndProject
Project("{2150E333-8FDC-42A3-9474-1A3956D46DE8}") = "06 Common", "06 Common", "{2728AC8C-4501-498E-AFF3-21CC7550A1E3}"
EndProject
Project("{9A19103F-16F7-4668-BE54-9A1E7A4F7556}") = "Common", "Common\Common.csproj", "{82606659-3BFD-42C3-A519-5E101B7324CF}"
EndProject
Project("{2150E333-8FDC-42A3-9474-1A3956D46DE8}") = "04 UnitOfWork", "04 UnitOfWork", "{D747C477-B148-4C58-B3AE-9817904467D3}"
EndProject
Project("{2150E333-8FDC-42A3-9474-1A3956D46DE8}") = "05 Repository", "05 Repository", "{DEAFF969-FB95-45AC-8853-69061898C9F7}"
EndProject
Project("{9A19103F-16F7-4668-BE54-9A1E7A4F7556}") = "UnitOfWork.Interfaces", "UnitOfWork.Interfaces\UnitOfWork.Interfaces.csproj", "{DCD279DF-9659-487E-8828-761BC25978A4}"
EndProject
Project("{9A19103F-16F7-4668-BE54-9A1E7A4F7556}") = "UnitOfWork.SqlServer", "UnitOfWork.SqlServer\UnitOfWork.SqlServer.csproj", "{4A95E252-4511-4840-8B8A-C08656BA2747}"
EndProject
Project("{9A19103F-16F7-4668-BE54-9A1E7A4F7556}") = "Repository.Interfaces", "Reporistory.Interfaces\Repository.Interfaces.csproj", "{2DC95B9D-C7B7-4AA0-A0A2-0EC365647E9B}"
EndProject
Project("{9A19103F-16F7-4668-BE54-9A1E7A4F7556}") = "Repository.SqlServer", "Repository.SqlServer\Repository.SqlServer.csproj", "{5BCA109E-3480-43EF-A4B3-268004090DFD}"
EndProject
Project("{FAE04EC0-301F-11D3-BF4B-00C04F79EFBC}") = "AspNetClient", "AspNetClient\AspNetClient.csproj", "{6854C128-A0A3-4A17-9FD4-1A21F9DA576D}"
EndProject
Global
	GlobalSection(SolutionConfigurationPlatforms) = preSolution
		Debug|Any CPU = Debug|Any CPU
		Release|Any CPU = Release|Any CPU
	EndGlobalSection
	GlobalSection(ProjectConfigurationPlatforms) = postSolution
		{D4B893C1-EA0C-4BF8-9831-52572B5E8D04}.Debug|Any CPU.ActiveCfg = Debug|Any CPU
		{D4B893C1-EA0C-4BF8-9831-52572B5E8D04}.Debug|Any CPU.Build.0 = Debug|Any CPU
		{D4B893C1-EA0C-4BF8-9831-52572B5E8D04}.Release|Any CPU.ActiveCfg = Release|Any CPU
		{D4B893C1-EA0C-4BF8-9831-52572B5E8D04}.Release|Any CPU.Build.0 = Release|Any CPU
		{2D0F376B-8A0C-465C-9C48-B66019230954}.Debug|Any CPU.ActiveCfg = Debug|Any CPU
		{2D0F376B-8A0C-465C-9C48-B66019230954}.Debug|Any CPU.Build.0 = Debug|Any CPU
		{2D0F376B-8A0C-465C-9C48-B66019230954}.Release|Any CPU.ActiveCfg = Release|Any CPU
		{2D0F376B-8A0C-465C-9C48-B66019230954}.Release|Any CPU.Build.0 = Release|Any CPU
		{05BFAE4C-551F-46A0-BAC9-254C30DCAD64}.Debug|Any CPU.ActiveCfg = Debug|Any CPU
		{05BFAE4C-551F-46A0-BAC9-254C30DCAD64}.Debug|Any CPU.Build.0 = Debug|Any CPU
		{05BFAE4C-551F-46A0-BAC9-254C30DCAD64}.Release|Any CPU.ActiveCfg = Release|Any CPU
		{05BFAE4C-551F-46A0-BAC9-254C30DCAD64}.Release|Any CPU.Build.0 = Release|Any CPU
		{82606659-3BFD-42C3-A519-5E101B7324CF}.Debug|Any CPU.ActiveCfg = Debug|Any CPU
		{82606659-3BFD-42C3-A519-5E101B7324CF}.Debug|Any CPU.Build.0 = Debug|Any CPU
		{82606659-3BFD-42C3-A519-5E101B7324CF}.Release|Any CPU.ActiveCfg = Release|Any CPU
		{82606659-3BFD-42C3-A519-5E101B7324CF}.Release|Any CPU.Build.0 = Release|Any CPU
		{DCD279DF-9659-487E-8828-761BC25978A4}.Debug|Any CPU.ActiveCfg = Debug|Any CPU
		{DCD279DF-9659-487E-8828-761BC25978A4}.Debug|Any CPU.Build.0 = Debug|Any CPU
		{DCD279DF-9659-487E-8828-761BC25978A4}.Release|Any CPU.ActiveCfg = Release|Any CPU
		{DCD279DF-9659-487E-8828-761BC25978A4}.Release|Any CPU.Build.0 = Release|Any CPU
		{4A95E252-4511-4840-8B8A-C08656BA2747}.Debug|Any CPU.ActiveCfg = Debug|Any CPU
		{4A95E252-4511-4840-8B8A-C08656BA2747}.Debug|Any CPU.Build.0 = Debug|Any CPU
		{4A95E252-4511-4840-8B8A-C08656BA2747}.Release|Any CPU.ActiveCfg = Release|Any CPU
		{4A95E252-4511-4840-8B8A-C08656BA2747}.Release|Any CPU.Build.0 = Release|Any CPU
		{2DC95B9D-C7B7-4AA0-A0A2-0EC365647E9B}.Debug|Any CPU.ActiveCfg = Debug|Any CPU
		{2DC95B9D-C7B7-4AA0-A0A2-0EC365647E9B}.Debug|Any CPU.Build.0 = Debug|Any CPU
		{2DC95B9D-C7B7-4AA0-A0A2-0EC365647E9B}.Release|Any CPU.ActiveCfg = Release|Any CPU
		{2DC95B9D-C7B7-4AA0-A0A2-0EC365647E9B}.Release|Any CPU.Build.0 = Release|Any CPU
		{5BCA109E-3480-43EF-A4B3-268004090DFD}.Debug|Any CPU.ActiveCfg = Debug|Any CPU
		{5BCA109E-3480-43EF-A4B3-268004090DFD}.Debug|Any CPU.Build.0 = Debug|Any CPU
		{5BCA109E-3480-43EF-A4B3-268004090DFD}.Release|Any CPU.ActiveCfg = Release|Any CPU
		{5BCA109E-3480-43EF-A4B3-268004090DFD}.Release|Any CPU.Build.0 = Release|Any CPU
		{6854C128-A0A3-4A17-9FD4-1A21F9DA576D}.Debug|Any CPU.ActiveCfg = Debug|Any CPU
		{6854C128-A0A3-4A17-9FD4-1A21F9DA576D}.Debug|Any CPU.Build.0 = Debug|Any CPU
		{6854C128-A0A3-4A17-9FD4-1A21F9DA576D}.Release|Any CPU.ActiveCfg = Release|Any CPU
		{6854C128-A0A3-4A17-9FD4-1A21F9DA576D}.Release|Any CPU.Build.0 = Release|Any CPU
	EndGlobalSection
	GlobalSection(SolutionProperties) = preSolution
		HideSolutionNode = FALSE
	EndGlobalSection
	GlobalSection(NestedProjects) = preSolution
		{D4B893C1-EA0C-4BF8-9831-52572B5E8D04} = {88DC03EE-C938-4182-9D51-27FA82541D63}
		{2D0F376B-8A0C-465C-9C48-B66019230954} = {F2AF2E06-6ED2-42E7-9F00-9F1B55A61903}
		{05BFAE4C-551F-46A0-BAC9-254C30DCAD64} = {0688BFAD-CE45-41BC-8379-E3936450DAF8}
		{82606659-3BFD-42C3-A519-5E101B7324CF} = {2728AC8C-4501-498E-AFF3-21CC7550A1E3}
		{DCD279DF-9659-487E-8828-761BC25978A4} = {D747C477-B148-4C58-B3AE-9817904467D3}
		{4A95E252-4511-4840-8B8A-C08656BA2747} = {D747C477-B148-4C58-B3AE-9817904467D3}
		{2DC95B9D-C7B7-4AA0-A0A2-0EC365647E9B} = {DEAFF969-FB95-45AC-8853-69061898C9F7}
		{5BCA109E-3480-43EF-A4B3-268004090DFD} = {DEAFF969-FB95-45AC-8853-69061898C9F7}
		{6854C128-A0A3-4A17-9FD4-1A21F9DA576D} = {88DC03EE-C938-4182-9D51-27FA82541D63}
	EndGlobalSection
	GlobalSection(ExtensibilityGlobals) = postSolution
		SolutionGuid = {2131EB9E-71CB-44EF-B106-4DD4C91A32A0}
	EndGlobalSection
EndGlobal
